PODS:
  - SXPodCategory (1.0.1):
    - SXPodCategory/SXPodCategoryNS (= 1.0.1)
    - SXPodCategory/SXPodCategoryUI (= 1.0.1)
  - SXPodCategory/SXPodCategoryNS (1.0.1)
  - SXPodCategory/SXPodCategoryUI (1.0.1):
    - SXPodCategory/SXPodCategoryNS

DEPENDENCIES:
  - SXPodCategory (from `../`)

EXTERNAL SOURCES:
  SXPodCategory:
    :path: ../

SPEC CHECKSUMS:
  SXPodCategory: b3e99c84980ca39e794d50213ac62171611c9de8

PODFILE CHECKSUM: 4b7970084648b9d41a3c7f33cc83ce017abd890f

COCOAPODS: 1.4.0
