PODS:
  - SXPodCategory (1.0.0):
    - SXPodCategory/SXPodCategoryNS (= 1.0.0)
    - SXPodCategory/SXPodCategoryUI (= 1.0.0)
  - SXPodCategory/SXPodCategoryNS (1.0.0)
  - SXPodCategory/SXPodCategoryUI (1.0.0)

DEPENDENCIES:
  - SXPodCategory (from `../`)

EXTERNAL SOURCES:
  SXPodCategory:
    :path: ../

SPEC CHECKSUMS:
  SXPodCategory: e0dc1798f72157ed43ac2462bb399d456f6bfbb1

PODFILE CHECKSUM: 4b7970084648b9d41a3c7f33cc83ce017abd890f

COCOAPODS: 1.3.1
