PODS:
  - SXPodCategory (1.0.6):
    - SXPodCategory/NS (= 1.0.6)
    - SXPodCategory/UI (= 1.0.6)
  - SXPodCategory/NS (1.0.6)
  - SXPodCategory/UI (1.0.6):
    - SXPodCategory/NS

DEPENDENCIES:
  - SXPodCategory (from `../`)

EXTERNAL SOURCES:
  SXPodCategory:
    :path: "../"

SPEC CHECKSUMS:
  SXPodCategory: b6f4d197b81c982440727fadd90d9f4cafdf0435

PODFILE CHECKSUM: e8b6ad50449865417277f4e9911b1966fa03bcf3

COCOAPODS: 1.10.0
